
Microsoft Visual Studio Solution File, Format Version 12.00
# Visual Studio 2015
Project("{FAE04EC0-301F-11D3-BF4B-00C04F79EFBC}") = "Run Doris Run!", "Run Doris Run!.csproj", "{CD4F8741-4F28-850D-F6A6-5808E501262C}"
EndProject
Project("{FAE04EC0-301F-11D3-BF4B-00C04F79EFBC}") = "Run Doris Run!.Editor", "Run Doris Run!.Editor.csproj", "{A1A64299-5B1E-5DA7-55A0-DD5783EA57AC}"
EndProject
Global
	GlobalSection(SolutionConfigurationPlatforms) = preSolution
		Debug|Any CPU = Debug|Any CPU
		Release|Any CPU = Release|Any CPU
	EndGlobalSection
	GlobalSection(ProjectConfigurationPlatforms) = postSolution
		{CD4F8741-4F28-850D-F6A6-5808E501262C}.Debug|Any CPU.ActiveCfg = Debug|Any CPU
		{CD4F8741-4F28-850D-F6A6-5808E501262C}.Debug|Any CPU.Build.0 = Debug|Any CPU
		{CD4F8741-4F28-850D-F6A6-5808E501262C}.Release|Any CPU.ActiveCfg = Release|Any CPU
		{CD4F8741-4F28-850D-F6A6-5808E501262C}.Release|Any CPU.Build.0 = Release|Any CPU
		{A1A64299-5B1E-5DA7-55A0-DD5783EA57AC}.Debug|Any CPU.ActiveCfg = Debug|Any CPU
		{A1A64299-5B1E-5DA7-55A0-DD5783EA57AC}.Debug|Any CPU.Build.0 = Debug|Any CPU
		{A1A64299-5B1E-5DA7-55A0-DD5783EA57AC}.Release|Any CPU.ActiveCfg = Release|Any CPU
		{A1A64299-5B1E-5DA7-55A0-DD5783EA57AC}.Release|Any CPU.Build.0 = Release|Any CPU
	EndGlobalSection
	GlobalSection(SolutionProperties) = preSolution
		HideSolutionNode = FALSE
	EndGlobalSection
EndGlobal
