Microsoft Visual Studio Solution File, Format Version 11.00
# Visual Studio 2008

Project("{44EFF864-4A6E-EF4F-70D0-6079B01C9097}") = "Run Doris Run!", "Assembly-CSharp.csproj", "{95C4B1A6-09F4-4C44-BE21-D29AD0C16743}"
EndProject
Project("{44EFF864-4A6E-EF4F-70D0-6079B01C9097}") = "Run Doris Run!", "Assembly-CSharp-Editor.csproj", "{040E028B-C26F-DB57-1AC3-BB1054736CF4}"
EndProject
Global
	GlobalSection(SolutionConfigurationPlatforms) = preSolution
		Debug|Any CPU = Debug|Any CPU
		Release|Any CPU = Release|Any CPU
	EndGlobalSection
	GlobalSection(ProjectConfigurationPlatforms) = postSolution
		{95C4B1A6-09F4-4C44-BE21-D29AD0C16743}.Debug|Any CPU.ActiveCfg = Debug|Any CPU
		{95C4B1A6-09F4-4C44-BE21-D29AD0C16743}.Debug|Any CPU.Build.0 = Debug|Any CPU
		{95C4B1A6-09F4-4C44-BE21-D29AD0C16743}.Release|Any CPU.ActiveCfg = Release|Any CPU
		{95C4B1A6-09F4-4C44-BE21-D29AD0C16743}.Release|Any CPU.Build.0 = Release|Any CPU
		{040E028B-C26F-DB57-1AC3-BB1054736CF4}.Debug|Any CPU.ActiveCfg = Debug|Any CPU
		{040E028B-C26F-DB57-1AC3-BB1054736CF4}.Debug|Any CPU.Build.0 = Debug|Any CPU
		{040E028B-C26F-DB57-1AC3-BB1054736CF4}.Release|Any CPU.ActiveCfg = Release|Any CPU
		{040E028B-C26F-DB57-1AC3-BB1054736CF4}.Release|Any CPU.Build.0 = Release|Any CPU
	EndGlobalSection
	GlobalSection(SolutionProperties) = preSolution
		HideSolutionNode = FALSE
	EndGlobalSection
	GlobalSection(MonoDevelopProperties) = preSolution
		StartupItem = Assembly-CSharp.csproj
	EndGlobalSection
EndGlobal
